
Microsoft Visual Studio Solution File, Format Version 12.00
# Visual Studio Version 17
VisualStudioVersion = 17.5.33414.496
MinimumVisualStudioVersion = 10.0.40219.1
Project("{8BC9CEB8-8B4A-11D0-8D11-00A0C91BC942}") = "SciencePlugin", "SciencePlugin\SciencePlugin.vcxproj", "{57544DFD-E1B7-47FA-9E42-175CB92576A8}"
EndProject
Global
	GlobalSection(SolutionConfigurationPlatforms) = preSolution
		Release|x64 = Release|x64
	EndGlobalSection
	GlobalSection(ProjectConfigurationPlatforms) = postSolution
		{57544DFD-E1B7-47FA-9E42-175CB92576A8}.Release|x64.ActiveCfg = Release|x64
		{57544DFD-E1B7-47FA-9E42-175CB92576A8}.Release|x64.Build.0 = Release|x64
	EndGlobalSection
	GlobalSection(SolutionProperties) = preSolution
		HideSolutionNode = FALSE
	EndGlobalSection
	GlobalSection(ExtensibilityGlobals) = postSolution
		SolutionGuid = {97F4DB20-41AE-481C-9AF3-70396D3A4669}
	EndGlobalSection
EndGlobal
